// !$*UTF8*$!
{
	archiveVersion = 1;
	classes = {
	};
	objectVersion = 48;
	objects = {

/* Begin PBXBuildFile section */
		F26AAFA521A6167800A76D66 /* main.cpp in Sources */ = {isa = PBXBuildFile; fileRef = F26AAFA421A6167800A76D66 /* main.cpp */; };
		F27CA9BB21B7954700790A39 /* CardDeck.cpp in Sources */ = {isa = PBXBuildFile; fileRef = F27CA9BA21B7954700790A39 /* CardDeck.cpp */; };
		F27CA9BD21B79F0300790A39 /* Board.cpp in Sources */ = {isa = PBXBuildFile; fileRef = F27CA9BC21B79F0300790A39 /* Board.cpp */; };
		F27CA9BF21B859B400790A39 /* Rules.cpp in Sources */ = {isa = PBXBuildFile; fileRef = F27CA9BE21B859B400790A39 /* Rules.cpp */; };
		F27CA9C721B8625800790A39 /* Player.cpp in Sources */ = {isa = PBXBuildFile; fileRef = F27CA9C621B8625800790A39 /* Player.cpp */; };
		F27CA9CB21B8E37500790A39 /* Game.cpp in Sources */ = {isa = PBXBuildFile; fileRef = F27CA9CA21B8E37500790A39 /* Game.cpp */; };
		F29CF46921AD055E00030022 /* Reward.cpp in Sources */ = {isa = PBXBuildFile; fileRef = F29CF46821AD055E00030022 /* Reward.cpp */; };
/* End PBXBuildFile section */

/* Begin PBXCopyFilesBuildPhase section */
		F26AAF9F21A6167800A76D66 /* CopyFiles */ = {
			isa = PBXCopyFilesBuildPhase;
			buildActionMask = 2147483647;
			dstPath = /usr/share/man/man1/;
			dstSubfolderSpec = 0;
			files = (
			);
			runOnlyForDeploymentPostprocessing = 1;
		};
/* End PBXCopyFilesBuildPhase section */

/* Begin PBXFileReference section */
		F26AAFA121A6167800A76D66 /* Memoarr- */ = {isa = PBXFileReference; explicitFileType = "compiled.mach-o.executable"; includeInIndex = 0; path = "Memoarr-"; sourceTree = BUILT_PRODUCTS_DIR; };
		F26AAFA421A6167800A76D66 /* main.cpp */ = {isa = PBXFileReference; lastKnownFileType = sourcecode.cpp.cpp; path = main.cpp; sourceTree = "<group>"; };
		F26AAFAC21A6191900A76D66 /* CardDeck.h */ = {isa = PBXFileReference; lastKnownFileType = sourcecode.c.h; path = CardDeck.h; sourceTree = "<group>"; };
		F26AAFAD21A61A4300A76D66 /* Board.h */ = {isa = PBXFileReference; lastKnownFileType = sourcecode.c.h; path = Board.h; sourceTree = "<group>"; };
		F26AAFAE21A61A8300A76D66 /* Rules.h */ = {isa = PBXFileReference; lastKnownFileType = sourcecode.c.h; path = Rules.h; sourceTree = "<group>"; };
		F27CA9B721B78D1400790A39 /* Reward.h */ = {isa = PBXFileReference; lastKnownFileType = sourcecode.c.h; path = Reward.h; sourceTree = "<group>"; };
		F27CA9B821B794C400790A39 /* Deck.h */ = {isa = PBXFileReference; lastKnownFileType = sourcecode.c.h; path = Deck.h; sourceTree = "<group>"; };
		F27CA9B921B794F200790A39 /* Card.h */ = {isa = PBXFileReference; lastKnownFileType = sourcecode.c.h; path = Card.h; sourceTree = "<group>"; };
		F27CA9BA21B7954700790A39 /* CardDeck.cpp */ = {isa = PBXFileReference; lastKnownFileType = sourcecode.cpp.cpp; path = CardDeck.cpp; sourceTree = "<group>"; };
		F27CA9BC21B79F0300790A39 /* Board.cpp */ = {isa = PBXFileReference; lastKnownFileType = sourcecode.cpp.cpp; path = Board.cpp; sourceTree = "<group>"; };
		F27CA9BE21B859B400790A39 /* Rules.cpp */ = {isa = PBXFileReference; lastKnownFileType = sourcecode.cpp.cpp; path = Rules.cpp; sourceTree = "<group>"; };
		F27CA9C121B85BE700790A39 /* Player.h */ = {isa = PBXFileReference; lastKnownFileType = sourcecode.c.h; path = Player.h; sourceTree = "<group>"; };
		F27CA9C221B85C5C00790A39 /* Number.h */ = {isa = PBXFileReference; lastKnownFileType = sourcecode.c.h; path = Number.h; sourceTree = "<group>"; };
		F27CA9C321B85C7D00790A39 /* Letter.h */ = {isa = PBXFileReference; lastKnownFileType = sourcecode.c.h; path = Letter.h; sourceTree = "<group>"; };
		F27CA9C621B8625800790A39 /* Player.cpp */ = {isa = PBXFileReference; fileEncoding = 4; lastKnownFileType = sourcecode.cpp.cpp; path = Player.cpp; sourceTree = "<group>"; };
		F27CA9C921B8E23500790A39 /* Game.h */ = {isa = PBXFileReference; lastKnownFileType = sourcecode.c.h; path = Game.h; sourceTree = "<group>"; };
		F27CA9CA21B8E37500790A39 /* Game.cpp */ = {isa = PBXFileReference; lastKnownFileType = sourcecode.cpp.cpp; path = Game.cpp; sourceTree = "<group>"; };
		F29CF46821AD055E00030022 /* Reward.cpp */ = {isa = PBXFileReference; lastKnownFileType = sourcecode.cpp.cpp; path = Reward.cpp; sourceTree = "<group>"; };
/* End PBXFileReference section */

/* Begin PBXFrameworksBuildPhase section */
		F26AAF9E21A6167800A76D66 /* Frameworks */ = {
			isa = PBXFrameworksBuildPhase;
			buildActionMask = 2147483647;
			files = (
			);
			runOnlyForDeploymentPostprocessing = 0;
		};
/* End PBXFrameworksBuildPhase section */

/* Begin PBXGroup section */
		F26AAF9821A6167800A76D66 = {
			isa = PBXGroup;
			children = (
				F26AAFA321A6167800A76D66 /* Memoarr- */,
				F26AAFA221A6167800A76D66 /* Products */,
			);
			sourceTree = "<group>";
		};
		F26AAFA221A6167800A76D66 /* Products */ = {
			isa = PBXGroup;
			children = (
				F26AAFA121A6167800A76D66 /* Memoarr- */,
			);
			name = Products;
			sourceTree = "<group>";
		};
		F26AAFA321A6167800A76D66 /* Memoarr- */ = {
			isa = PBXGroup;
			children = (
				F26AAFA421A6167800A76D66 /* main.cpp */,
				F27CA9C121B85BE700790A39 /* Player.h */,
				F27CA9C621B8625800790A39 /* Player.cpp */,
				F29CF46821AD055E00030022 /* Reward.cpp */,
				F27CA9B721B78D1400790A39 /* Reward.h */,
				F26AAFAC21A6191900A76D66 /* CardDeck.h */,
				F27CA9BA21B7954700790A39 /* CardDeck.cpp */,
				F27CA9B921B794F200790A39 /* Card.h */,
				F27CA9B821B794C400790A39 /* Deck.h */,
				F26AAFAD21A61A4300A76D66 /* Board.h */,
				F27CA9BC21B79F0300790A39 /* Board.cpp */,
				F27CA9C921B8E23500790A39 /* Game.h */,
				F27CA9CA21B8E37500790A39 /* Game.cpp */,
				F26AAFAE21A61A8300A76D66 /* Rules.h */,
				F27CA9BE21B859B400790A39 /* Rules.cpp */,
				F27CA9C321B85C7D00790A39 /* Letter.h */,
				F27CA9C221B85C5C00790A39 /* Number.h */,
			);
			path = "Memoarr-";
			sourceTree = "<group>";
		};
/* End PBXGroup section */

/* Begin PBXNativeTarget section */
		F26AAFA021A6167800A76D66 /* Memoarr- */ = {
			isa = PBXNativeTarget;
			buildConfigurationList = F26AAFA821A6167800A76D66 /* Build configuration list for PBXNativeTarget "Memoarr-" */;
			buildPhases = (
				F26AAF9D21A6167800A76D66 /* Sources */,
				F26AAF9E21A6167800A76D66 /* Frameworks */,
				F26AAF9F21A6167800A76D66 /* CopyFiles */,
			);
			buildRules = (
			);
			dependencies = (
			);
			name = "Memoarr-";
			productName = "Memoarr-";
			productReference = F26AAFA121A6167800A76D66 /* Memoarr- */;
			productType = "com.apple.product-type.tool";
		};
/* End PBXNativeTarget section */

/* Begin PBXProject section */
		F26AAF9921A6167800A76D66 /* Project object */ = {
			isa = PBXProject;
			attributes = {
				LastUpgradeCheck = 1010;
				ORGANIZATIONNAME = "Faizaan Chishtie";
				TargetAttributes = {
					F26AAFA021A6167800A76D66 = {
						CreatedOnToolsVersion = 9.2;
						ProvisioningStyle = Automatic;
					};
				};
			};
			buildConfigurationList = F26AAF9C21A6167800A76D66 /* Build configuration list for PBXProject "Memoarr-" */;
			compatibilityVersion = "Xcode 8.0";
			developmentRegion = en;
			hasScannedForEncodings = 0;
			knownRegions = (
				en,
			);
			mainGroup = F26AAF9821A6167800A76D66;
			productRefGroup = F26AAFA221A6167800A76D66 /* Products */;
			projectDirPath = "";
			projectRoot = "";
			targets = (
				F26AAFA021A6167800A76D66 /* Memoarr- */,
			);
		};
/* End PBXProject section */

/* Begin PBXSourcesBuildPhase section */
		F26AAF9D21A6167800A76D66 /* Sources */ = {
			isa = PBXSourcesBuildPhase;
			buildActionMask = 2147483647;
			files = (
				F27CA9BB21B7954700790A39 /* CardDeck.cpp in Sources */,
				F29CF46921AD055E00030022 /* Reward.cpp in Sources */,
				F27CA9C721B8625800790A39 /* Player.cpp in Sources */,
				F27CA9BF21B859B400790A39 /* Rules.cpp in Sources */,
				F27CA9BD21B79F0300790A39 /* Board.cpp in Sources */,
				F26AAFA521A6167800A76D66 /* main.cpp in Sources */,
				F27CA9CB21B8E37500790A39 /* Game.cpp in Sources */,
			);
			runOnlyForDeploymentPostprocessing = 0;
		};
/* End PBXSourcesBuildPhase section */

/* Begin XCBuildConfiguration section */
		F26AAFA621A6167800A76D66 /* Debug */ = {
			isa = XCBuildConfiguration;
			buildSettings = {
				ALWAYS_SEARCH_USER_PATHS = NO;
				CLANG_ANALYZER_NONNULL = YES;
				CLANG_ANALYZER_NUMBER_OBJECT_CONVERSION = YES_AGGRESSIVE;
				CLANG_CXX_LANGUAGE_STANDARD = "gnu++14";
				CLANG_CXX_LIBRARY = "libc++";
				CLANG_ENABLE_MODULES = YES;
				CLANG_ENABLE_OBJC_ARC = YES;
				CLANG_WARN_BLOCK_CAPTURE_AUTORELEASING = YES;
				CLANG_WARN_BOOL_CONVERSION = YES;
				CLANG_WARN_COMMA = YES;
				CLANG_WARN_CONSTANT_CONVERSION = YES;
				CLANG_WARN_DEPRECATED_OBJC_IMPLEMENTATIONS = YES;
				CLANG_WARN_DIRECT_OBJC_ISA_USAGE = YES_ERROR;
				CLANG_WARN_DOCUMENTATION_COMMENTS = YES;
				CLANG_WARN_EMPTY_BODY = YES;
				CLANG_WARN_ENUM_CONVERSION = YES;
				CLANG_WARN_INFINITE_RECURSION = YES;
				CLANG_WARN_INT_CONVERSION = YES;
				CLANG_WARN_NON_LITERAL_NULL_CONVERSION = YES;
				CLANG_WARN_OBJC_IMPLICIT_RETAIN_SELF = YES;
				CLANG_WARN_OBJC_LITERAL_CONVERSION = YES;
				CLANG_WARN_OBJC_ROOT_CLASS = YES_ERROR;
				CLANG_WARN_RANGE_LOOP_ANALYSIS = YES;
				CLANG_WARN_STRICT_PROTOTYPES = YES;
				CLANG_WARN_SUSPICIOUS_MOVE = YES;
				CLANG_WARN_UNGUARDED_AVAILABILITY = YES_AGGRESSIVE;
				CLANG_WARN_UNREACHABLE_CODE = YES;
				CLANG_WARN__DUPLICATE_METHOD_MATCH = YES;
				CODE_SIGN_IDENTITY = "Mac Developer";
				COPY_PHASE_STRIP = NO;
				DEBUG_INFORMATION_FORMAT = dwarf;
				ENABLE_STRICT_OBJC_MSGSEND = YES;
				ENABLE_TESTABILITY = YES;
				GCC_C_LANGUAGE_STANDARD = gnu11;
				GCC_DYNAMIC_NO_PIC = NO;
				GCC_NO_COMMON_BLOCKS = YES;
				GCC_OPTIMIZATION_LEVEL = 0;
				GCC_PREPROCESSOR_DEFINITIONS = (
					"DEBUG=1",
					"$(inherited)",
				);
				GCC_WARN_64_TO_32_BIT_CONVERSION = YES;
				GCC_WARN_ABOUT_RETURN_TYPE = YES_ERROR;
				GCC_WARN_UNDECLARED_SELECTOR = YES;
				GCC_WARN_UNINITIALIZED_AUTOS = YES_AGGRESSIVE;
				GCC_WARN_UNUSED_FUNCTION = YES;
				GCC_WARN_UNUSED_VARIABLE = YES;
				MACOSX_DEPLOYMENT_TARGET = 10.14;
				MTL_ENABLE_DEBUG_INFO = YES;
				ONLY_ACTIVE_ARCH = YES;
				SDKROOT = macosx;
			};
			name = Debug;
		};
		F26AAFA721A6167800A76D66 /* Release */ = {
			isa = XCBuildConfiguration;
			buildSettings = {
				ALWAYS_SEARCH_USER_PATHS = NO;
				CLANG_ANALYZER_NONNULL = YES;
				CLANG_ANALYZER_NUMBER_OBJECT_CONVERSION = YES_AGGRESSIVE;
				CLANG_CXX_LANGUAGE_STANDARD = "gnu++14";
				CLANG_CXX_LIBRARY = "libc++";
				CLANG_ENABLE_MODULES = YES;
				CLANG_ENABLE_OBJC_ARC = YES;
				CLANG_WARN_BLOCK_CAPTURE_AUTORELEASING = YES;
				CLANG_WARN_BOOL_CONVERSION = YES;
				CLANG_WARN_COMMA = YES;
				CLANG_WARN_CONSTANT_CONVERSION = YES;
				CLANG_WARN_DEPRECATED_OBJC_IMPLEMENTATIONS = YES;
				CLANG_WARN_DIRECT_OBJC_ISA_USAGE = YES_ERROR;
				CLANG_WARN_DOCUMENTATION_COMMENTS = YES;
				CLANG_WARN_EMPTY_BODY = YES;
				CLANG_WARN_ENUM_CONVERSION = YES;
				CLANG_WARN_INFINITE_RECURSION = YES;
				CLANG_WARN_INT_CONVERSION = YES;
				CLANG_WARN_NON_LITERAL_NULL_CONVERSION = YES;
				CLANG_WARN_OBJC_IMPLICIT_RETAIN_SELF = YES;
				CLANG_WARN_OBJC_LITERAL_CONVERSION = YES;
				CLANG_WARN_OBJC_ROOT_CLASS = YES_ERROR;
				CLANG_WARN_RANGE_LOOP_ANALYSIS = YES;
				CLANG_WARN_STRICT_PROTOTYPES = YES;
				CLANG_WARN_SUSPICIOUS_MOVE = YES;
				CLANG_WARN_UNGUARDED_AVAILABILITY = YES_AGGRESSIVE;
				CLANG_WARN_UNREACHABLE_CODE = YES;
				CLANG_WARN__DUPLICATE_METHOD_MATCH = YES;
				CODE_SIGN_IDENTITY = "Mac Developer";
				COPY_PHASE_STRIP = NO;
				DEBUG_INFORMATION_FORMAT = "dwarf-with-dsym";
				ENABLE_NS_ASSERTIONS = NO;
				ENABLE_STRICT_OBJC_MSGSEND = YES;
				GCC_C_LANGUAGE_STANDARD = gnu11;
				GCC_NO_COMMON_BLOCKS = YES;
				GCC_WARN_64_TO_32_BIT_CONVERSION = YES;
				GCC_WARN_ABOUT_RETURN_TYPE = YES_ERROR;
				GCC_WARN_UNDECLARED_SELECTOR = YES;
				GCC_WARN_UNINITIALIZED_AUTOS = YES_AGGRESSIVE;
				GCC_WARN_UNUSED_FUNCTION = YES;
				GCC_WARN_UNUSED_VARIABLE = YES;
				MACOSX_DEPLOYMENT_TARGET = 10.14;
				MTL_ENABLE_DEBUG_INFO = NO;
				SDKROOT = macosx;
			};
			name = Release;
		};
		F26AAFA921A6167800A76D66 /* Debug */ = {
			isa = XCBuildConfiguration;
			buildSettings = {
				CODE_SIGN_STYLE = Automatic;
				DEVELOPMENT_TEAM = 8WD86XF3DB;
				PRODUCT_NAME = "$(TARGET_NAME)";
			};
			name = Debug;
		};
		F26AAFAA21A6167800A76D66 /* Release */ = {
			isa = XCBuildConfiguration;
			buildSettings = {
				CODE_SIGN_STYLE = Automatic;
				DEVELOPMENT_TEAM = 8WD86XF3DB;
				PRODUCT_NAME = "$(TARGET_NAME)";
			};
			name = Release;
		};
/* End XCBuildConfiguration section */

/* Begin XCConfigurationList section */
		F26AAF9C21A6167800A76D66 /* Build configuration list for PBXProject "Memoarr-" */ = {
			isa = XCConfigurationList;
			buildConfigurations = (
				F26AAFA621A6167800A76D66 /* Debug */,
				F26AAFA721A6167800A76D66 /* Release */,
			);
			defaultConfigurationIsVisible = 0;
			defaultConfigurationName = Release;
		};
		F26AAFA821A6167800A76D66 /* Build configuration list for PBXNativeTarget "Memoarr-" */ = {
			isa = XCConfigurationList;
			buildConfigurations = (
				F26AAFA921A6167800A76D66 /* Debug */,
				F26AAFAA21A6167800A76D66 /* Release */,
			);
			defaultConfigurationIsVisible = 0;
			defaultConfigurationName = Release;
		};
/* End XCConfigurationList section */
	};
	rootObject = F26AAF9921A6167800A76D66 /* Project object */;
}
